
Microsoft Visual Studio Solution File, Format Version 12.00
# Visual Studio 15
Project("{FAE04EC0-301F-11D3-BF4B-00C04F79EFBC}") = "UnityEngine.UI", "UnityEngine.UI.csproj", "{BBA242C0-42AA-8CA9-7F55-65102513DE63}"
EndProject
Project("{FAE04EC0-301F-11D3-BF4B-00C04F79EFBC}") = "fps.Gameplay", "fps.Gameplay.csproj", "{C49DDB1F-98E2-0DAB-D842-0E4A655602EC}"
EndProject
Project("{FAE04EC0-301F-11D3-BF4B-00C04F79EFBC}") = "fps.UI", "fps.UI.csproj", "{26F0A8E9-17A2-48F2-4D38-784003CBD5A2}"
EndProject
Project("{FAE04EC0-301F-11D3-BF4B-00C04F79EFBC}") = "fps.Game", "fps.Game.csproj", "{5D321E13-884D-1DC7-A196-2165CA8D112C}"
EndProject
Project("{FAE04EC0-301F-11D3-BF4B-00C04F79EFBC}") = "Unity.FPS.Tutorials", "Unity.FPS.Tutorials.csproj", "{C0F36951-DB96-B0E5-2833-23C56FDAB164}"
EndProject
Project("{FAE04EC0-301F-11D3-BF4B-00C04F79EFBC}") = "NavMeshComponents", "NavMeshComponents.csproj", "{9E36C5A8-6905-4A99-FB4A-C72DE431D5D8}"
EndProject
Project("{FAE04EC0-301F-11D3-BF4B-00C04F79EFBC}") = "fps.AI", "fps.AI.csproj", "{CAEE5C03-DCB7-C2E3-0116-8C1677AB2383}"
EndProject
Project("{FAE04EC0-301F-11D3-BF4B-00C04F79EFBC}") = "Assembly-CSharp", "Assembly-CSharp.csproj", "{3C40D5CA-44F1-1E45-CD09-F9ACC80ED56F}"
EndProject
Project("{FAE04EC0-301F-11D3-BF4B-00C04F79EFBC}") = "SimpleWebTransport", "SimpleWebTransport.csproj", "{8B8DE4CC-D569-315F-7B09-F910BB959A62}"
EndProject
Project("{FAE04EC0-301F-11D3-BF4B-00C04F79EFBC}") = "Mirror", "Mirror.csproj", "{AA40BD01-77E2-E056-53E6-32438F1C31D6}"
EndProject
Project("{FAE04EC0-301F-11D3-BF4B-00C04F79EFBC}") = "Mirror.Examples", "Mirror.Examples.csproj", "{02E257B6-3F7B-F2D2-6F0B-16FE37683A17}"
EndProject
Project("{FAE04EC0-301F-11D3-BF4B-00C04F79EFBC}") = "Mirror.Components", "Mirror.Components.csproj", "{A17F996A-55C9-8AC2-2BA2-18F83B56117B}"
EndProject
Project("{FAE04EC0-301F-11D3-BF4B-00C04F79EFBC}") = "kcp2k", "kcp2k.csproj", "{B5A130BE-6189-9B0A-03E8-105A6ECBEC8A}"
EndProject
Project("{FAE04EC0-301F-11D3-BF4B-00C04F79EFBC}") = "Telepathy", "Telepathy.csproj", "{CCBDBC93-0D78-CD9E-60DD-42D9E5778AAA}"
EndProject
Project("{FAE04EC0-301F-11D3-BF4B-00C04F79EFBC}") = "where-allocations", "where-allocations.csproj", "{077C2B72-B7BD-C108-CCAD-1BCC73CEA75C}"
EndProject
Project("{FAE04EC0-301F-11D3-BF4B-00C04F79EFBC}") = "Mirror.Authenticators", "Mirror.Authenticators.csproj", "{FE61FF7D-C8B1-A998-FC17-CB36252A62E0}"
EndProject
Project("{FAE04EC0-301F-11D3-BF4B-00C04F79EFBC}") = "UnityEditor.UI", "UnityEditor.UI.csproj", "{6C23D444-0997-D8EC-9FFC-F4E93B99F348}"
EndProject
Project("{FAE04EC0-301F-11D3-BF4B-00C04F79EFBC}") = "NavMeshComponentsEditor", "NavMeshComponentsEditor.csproj", "{F5913D36-4561-2C1E-9CA3-FDBEAA81FC00}"
EndProject
Project("{FAE04EC0-301F-11D3-BF4B-00C04F79EFBC}") = "Assembly-CSharp-Editor", "Assembly-CSharp-Editor.csproj", "{AAF9A986-4612-7FC7-3B46-6A5692E369EE}"
EndProject
Project("{FAE04EC0-301F-11D3-BF4B-00C04F79EFBC}") = "Unity.Microgame.Tutorials", "Unity.Microgame.Tutorials.csproj", "{094C4D9C-C33A-1DCD-5A38-950B477AD319}"
EndProject
Project("{FAE04EC0-301F-11D3-BF4B-00C04F79EFBC}") = "fps.Editor", "fps.Editor.csproj", "{83D4F3CB-2F79-A97F-AE49-1BD388379440}"
EndProject
Project("{FAE04EC0-301F-11D3-BF4B-00C04F79EFBC}") = "Mirror.Editor", "Mirror.Editor.csproj", "{C5B9A6C5-3C1F-D11A-0580-38753C49E51E}"
EndProject
Project("{FAE04EC0-301F-11D3-BF4B-00C04F79EFBC}") = "Mirror.Weaver", "Mirror.Weaver.csproj", "{AE82B848-0A38-370F-0534-1571F7F9038D}"
EndProject
Project("{FAE04EC0-301F-11D3-BF4B-00C04F79EFBC}") = "Mirror.CompilerSymbols", "Mirror.CompilerSymbols.csproj", "{CB9BDE28-F0B2-7EAA-F8F3-3F34E4F9F581}"
EndProject
Project("{FAE04EC0-301F-11D3-BF4B-00C04F79EFBC}") = "ParrelSync", "ParrelSync.csproj", "{055DFBD3-E722-2E10-890D-93AB99672AA3}"
EndProject
Global
	GlobalSection(SolutionConfigurationPlatforms) = preSolution
		Debug|Any CPU = Debug|Any CPU
		Release|Any CPU = Release|Any CPU
	EndGlobalSection
	GlobalSection(ProjectConfigurationPlatforms) = postSolution
		{BBA242C0-42AA-8CA9-7F55-65102513DE63}.Debug|Any CPU.ActiveCfg = Debug|Any CPU
		{BBA242C0-42AA-8CA9-7F55-65102513DE63}.Debug|Any CPU.Build.0 = Debug|Any CPU
		{BBA242C0-42AA-8CA9-7F55-65102513DE63}.Release|Any CPU.ActiveCfg = Release|Any CPU
		{BBA242C0-42AA-8CA9-7F55-65102513DE63}.Release|Any CPU.Build.0 = Release|Any CPU
		{C49DDB1F-98E2-0DAB-D842-0E4A655602EC}.Debug|Any CPU.ActiveCfg = Debug|Any CPU
		{C49DDB1F-98E2-0DAB-D842-0E4A655602EC}.Debug|Any CPU.Build.0 = Debug|Any CPU
		{C49DDB1F-98E2-0DAB-D842-0E4A655602EC}.Release|Any CPU.ActiveCfg = Release|Any CPU
		{C49DDB1F-98E2-0DAB-D842-0E4A655602EC}.Release|Any CPU.Build.0 = Release|Any CPU
		{26F0A8E9-17A2-48F2-4D38-784003CBD5A2}.Debug|Any CPU.ActiveCfg = Debug|Any CPU
		{26F0A8E9-17A2-48F2-4D38-784003CBD5A2}.Debug|Any CPU.Build.0 = Debug|Any CPU
		{26F0A8E9-17A2-48F2-4D38-784003CBD5A2}.Release|Any CPU.ActiveCfg = Release|Any CPU
		{26F0A8E9-17A2-48F2-4D38-784003CBD5A2}.Release|Any CPU.Build.0 = Release|Any CPU
		{5D321E13-884D-1DC7-A196-2165CA8D112C}.Debug|Any CPU.ActiveCfg = Debug|Any CPU
		{5D321E13-884D-1DC7-A196-2165CA8D112C}.Debug|Any CPU.Build.0 = Debug|Any CPU
		{5D321E13-884D-1DC7-A196-2165CA8D112C}.Release|Any CPU.ActiveCfg = Release|Any CPU
		{5D321E13-884D-1DC7-A196-2165CA8D112C}.Release|Any CPU.Build.0 = Release|Any CPU
		{C0F36951-DB96-B0E5-2833-23C56FDAB164}.Debug|Any CPU.ActiveCfg = Debug|Any CPU
		{C0F36951-DB96-B0E5-2833-23C56FDAB164}.Debug|Any CPU.Build.0 = Debug|Any CPU
		{C0F36951-DB96-B0E5-2833-23C56FDAB164}.Release|Any CPU.ActiveCfg = Release|Any CPU
		{C0F36951-DB96-B0E5-2833-23C56FDAB164}.Release|Any CPU.Build.0 = Release|Any CPU
		{9E36C5A8-6905-4A99-FB4A-C72DE431D5D8}.Debug|Any CPU.ActiveCfg = Debug|Any CPU
		{9E36C5A8-6905-4A99-FB4A-C72DE431D5D8}.Debug|Any CPU.Build.0 = Debug|Any CPU
		{9E36C5A8-6905-4A99-FB4A-C72DE431D5D8}.Release|Any CPU.ActiveCfg = Release|Any CPU
		{9E36C5A8-6905-4A99-FB4A-C72DE431D5D8}.Release|Any CPU.Build.0 = Release|Any CPU
		{CAEE5C03-DCB7-C2E3-0116-8C1677AB2383}.Debug|Any CPU.ActiveCfg = Debug|Any CPU
		{CAEE5C03-DCB7-C2E3-0116-8C1677AB2383}.Debug|Any CPU.Build.0 = Debug|Any CPU
		{CAEE5C03-DCB7-C2E3-0116-8C1677AB2383}.Release|Any CPU.ActiveCfg = Release|Any CPU
		{CAEE5C03-DCB7-C2E3-0116-8C1677AB2383}.Release|Any CPU.Build.0 = Release|Any CPU
		{3C40D5CA-44F1-1E45-CD09-F9ACC80ED56F}.Debug|Any CPU.ActiveCfg = Debug|Any CPU
		{3C40D5CA-44F1-1E45-CD09-F9ACC80ED56F}.Debug|Any CPU.Build.0 = Debug|Any CPU
		{3C40D5CA-44F1-1E45-CD09-F9ACC80ED56F}.Release|Any CPU.ActiveCfg = Release|Any CPU
		{3C40D5CA-44F1-1E45-CD09-F9ACC80ED56F}.Release|Any CPU.Build.0 = Release|Any CPU
		{8B8DE4CC-D569-315F-7B09-F910BB959A62}.Debug|Any CPU.ActiveCfg = Debug|Any CPU
		{8B8DE4CC-D569-315F-7B09-F910BB959A62}.Debug|Any CPU.Build.0 = Debug|Any CPU
		{8B8DE4CC-D569-315F-7B09-F910BB959A62}.Release|Any CPU.ActiveCfg = Release|Any CPU
		{8B8DE4CC-D569-315F-7B09-F910BB959A62}.Release|Any CPU.Build.0 = Release|Any CPU
		{AA40BD01-77E2-E056-53E6-32438F1C31D6}.Debug|Any CPU.ActiveCfg = Debug|Any CPU
		{AA40BD01-77E2-E056-53E6-32438F1C31D6}.Debug|Any CPU.Build.0 = Debug|Any CPU
		{AA40BD01-77E2-E056-53E6-32438F1C31D6}.Release|Any CPU.ActiveCfg = Release|Any CPU
		{AA40BD01-77E2-E056-53E6-32438F1C31D6}.Release|Any CPU.Build.0 = Release|Any CPU
		{02E257B6-3F7B-F2D2-6F0B-16FE37683A17}.Debug|Any CPU.ActiveCfg = Debug|Any CPU
		{02E257B6-3F7B-F2D2-6F0B-16FE37683A17}.Debug|Any CPU.Build.0 = Debug|Any CPU
		{02E257B6-3F7B-F2D2-6F0B-16FE37683A17}.Release|Any CPU.ActiveCfg = Release|Any CPU
		{02E257B6-3F7B-F2D2-6F0B-16FE37683A17}.Release|Any CPU.Build.0 = Release|Any CPU
		{A17F996A-55C9-8AC2-2BA2-18F83B56117B}.Debug|Any CPU.ActiveCfg = Debug|Any CPU
		{A17F996A-55C9-8AC2-2BA2-18F83B56117B}.Debug|Any CPU.Build.0 = Debug|Any CPU
		{A17F996A-55C9-8AC2-2BA2-18F83B56117B}.Release|Any CPU.ActiveCfg = Release|Any CPU
		{A17F996A-55C9-8AC2-2BA2-18F83B56117B}.Release|Any CPU.Build.0 = Release|Any CPU
		{B5A130BE-6189-9B0A-03E8-105A6ECBEC8A}.Debug|Any CPU.ActiveCfg = Debug|Any CPU
		{B5A130BE-6189-9B0A-03E8-105A6ECBEC8A}.Debug|Any CPU.Build.0 = Debug|Any CPU
		{B5A130BE-6189-9B0A-03E8-105A6ECBEC8A}.Release|Any CPU.ActiveCfg = Release|Any CPU
		{B5A130BE-6189-9B0A-03E8-105A6ECBEC8A}.Release|Any CPU.Build.0 = Release|Any CPU
		{CCBDBC93-0D78-CD9E-60DD-42D9E5778AAA}.Debug|Any CPU.ActiveCfg = Debug|Any CPU
		{CCBDBC93-0D78-CD9E-60DD-42D9E5778AAA}.Debug|Any CPU.Build.0 = Debug|Any CPU
		{CCBDBC93-0D78-CD9E-60DD-42D9E5778AAA}.Release|Any CPU.ActiveCfg = Release|Any CPU
		{CCBDBC93-0D78-CD9E-60DD-42D9E5778AAA}.Release|Any CPU.Build.0 = Release|Any CPU
		{077C2B72-B7BD-C108-CCAD-1BCC73CEA75C}.Debug|Any CPU.ActiveCfg = Debug|Any CPU
		{077C2B72-B7BD-C108-CCAD-1BCC73CEA75C}.Debug|Any CPU.Build.0 = Debug|Any CPU
		{077C2B72-B7BD-C108-CCAD-1BCC73CEA75C}.Release|Any CPU.ActiveCfg = Release|Any CPU
		{077C2B72-B7BD-C108-CCAD-1BCC73CEA75C}.Release|Any CPU.Build.0 = Release|Any CPU
		{FE61FF7D-C8B1-A998-FC17-CB36252A62E0}.Debug|Any CPU.ActiveCfg = Debug|Any CPU
		{FE61FF7D-C8B1-A998-FC17-CB36252A62E0}.Debug|Any CPU.Build.0 = Debug|Any CPU
		{FE61FF7D-C8B1-A998-FC17-CB36252A62E0}.Release|Any CPU.ActiveCfg = Release|Any CPU
		{FE61FF7D-C8B1-A998-FC17-CB36252A62E0}.Release|Any CPU.Build.0 = Release|Any CPU
		{6C23D444-0997-D8EC-9FFC-F4E93B99F348}.Debug|Any CPU.ActiveCfg = Debug|Any CPU
		{6C23D444-0997-D8EC-9FFC-F4E93B99F348}.Debug|Any CPU.Build.0 = Debug|Any CPU
		{6C23D444-0997-D8EC-9FFC-F4E93B99F348}.Release|Any CPU.ActiveCfg = Release|Any CPU
		{6C23D444-0997-D8EC-9FFC-F4E93B99F348}.Release|Any CPU.Build.0 = Release|Any CPU
		{F5913D36-4561-2C1E-9CA3-FDBEAA81FC00}.Debug|Any CPU.ActiveCfg = Debug|Any CPU
		{F5913D36-4561-2C1E-9CA3-FDBEAA81FC00}.Debug|Any CPU.Build.0 = Debug|Any CPU
		{F5913D36-4561-2C1E-9CA3-FDBEAA81FC00}.Release|Any CPU.ActiveCfg = Release|Any CPU
		{F5913D36-4561-2C1E-9CA3-FDBEAA81FC00}.Release|Any CPU.Build.0 = Release|Any CPU
		{AAF9A986-4612-7FC7-3B46-6A5692E369EE}.Debug|Any CPU.ActiveCfg = Debug|Any CPU
		{AAF9A986-4612-7FC7-3B46-6A5692E369EE}.Debug|Any CPU.Build.0 = Debug|Any CPU
		{AAF9A986-4612-7FC7-3B46-6A5692E369EE}.Release|Any CPU.ActiveCfg = Release|Any CPU
		{AAF9A986-4612-7FC7-3B46-6A5692E369EE}.Release|Any CPU.Build.0 = Release|Any CPU
		{094C4D9C-C33A-1DCD-5A38-950B477AD319}.Debug|Any CPU.ActiveCfg = Debug|Any CPU
		{094C4D9C-C33A-1DCD-5A38-950B477AD319}.Debug|Any CPU.Build.0 = Debug|Any CPU
		{094C4D9C-C33A-1DCD-5A38-950B477AD319}.Release|Any CPU.ActiveCfg = Release|Any CPU
		{094C4D9C-C33A-1DCD-5A38-950B477AD319}.Release|Any CPU.Build.0 = Release|Any CPU
		{83D4F3CB-2F79-A97F-AE49-1BD388379440}.Debug|Any CPU.ActiveCfg = Debug|Any CPU
		{83D4F3CB-2F79-A97F-AE49-1BD388379440}.Debug|Any CPU.Build.0 = Debug|Any CPU
		{83D4F3CB-2F79-A97F-AE49-1BD388379440}.Release|Any CPU.ActiveCfg = Release|Any CPU
		{83D4F3CB-2F79-A97F-AE49-1BD388379440}.Release|Any CPU.Build.0 = Release|Any CPU
		{C5B9A6C5-3C1F-D11A-0580-38753C49E51E}.Debug|Any CPU.ActiveCfg = Debug|Any CPU
		{C5B9A6C5-3C1F-D11A-0580-38753C49E51E}.Debug|Any CPU.Build.0 = Debug|Any CPU
		{C5B9A6C5-3C1F-D11A-0580-38753C49E51E}.Release|Any CPU.ActiveCfg = Release|Any CPU
		{C5B9A6C5-3C1F-D11A-0580-38753C49E51E}.Release|Any CPU.Build.0 = Release|Any CPU
		{AE82B848-0A38-370F-0534-1571F7F9038D}.Debug|Any CPU.ActiveCfg = Debug|Any CPU
		{AE82B848-0A38-370F-0534-1571F7F9038D}.Debug|Any CPU.Build.0 = Debug|Any CPU
		{AE82B848-0A38-370F-0534-1571F7F9038D}.Release|Any CPU.ActiveCfg = Release|Any CPU
		{AE82B848-0A38-370F-0534-1571F7F9038D}.Release|Any CPU.Build.0 = Release|Any CPU
		{CB9BDE28-F0B2-7EAA-F8F3-3F34E4F9F581}.Debug|Any CPU.ActiveCfg = Debug|Any CPU
		{CB9BDE28-F0B2-7EAA-F8F3-3F34E4F9F581}.Debug|Any CPU.Build.0 = Debug|Any CPU
		{CB9BDE28-F0B2-7EAA-F8F3-3F34E4F9F581}.Release|Any CPU.ActiveCfg = Release|Any CPU
		{CB9BDE28-F0B2-7EAA-F8F3-3F34E4F9F581}.Release|Any CPU.Build.0 = Release|Any CPU
		{055DFBD3-E722-2E10-890D-93AB99672AA3}.Debug|Any CPU.ActiveCfg = Debug|Any CPU
		{055DFBD3-E722-2E10-890D-93AB99672AA3}.Debug|Any CPU.Build.0 = Debug|Any CPU
		{055DFBD3-E722-2E10-890D-93AB99672AA3}.Release|Any CPU.ActiveCfg = Release|Any CPU
		{055DFBD3-E722-2E10-890D-93AB99672AA3}.Release|Any CPU.Build.0 = Release|Any CPU
	EndGlobalSection
	GlobalSection(SolutionProperties) = preSolution
		HideSolutionNode = FALSE
	EndGlobalSection
EndGlobal
